{
  "name": "micro-coffee-functions",
  "version": "1.0.0",
  "lockfileVersion": 3,
  "requires": true,
  "packages": {
    "": {
      "name": "micro-coffee-functions",
      "version": "1.0.0",
      "dependencies": {
        "@microsoft/fabric-user-data-functions": "experimental"
      },
      "devDependencies": {
        "rimraf": "^6.0.0",
        "typescript": "^5.8.0"
      }
    },
    "node_modules/@azure/functions": {
      "version": "4.16.5",
      "resolved": "https://ms-feed-25.pkgs.visualstudio.com/1es-public/_packaging/npm-public/npm/registry/@azure/functions/-/functions-4.16.5.tgz",
      "integrity": "sha1-mP18vAvEb5ZJO89Oz4iCrDYQghQ=",
      "license": "MIT",
      "dependencies": {
        "@azure/functions-extensions-base": "0.3.0",
        "cookie": "^0.7.0"
      },
      "engines": {
        "node": ">=20.0"
      }
    },
    "node_modules/@azure/functions-extensions-base": {
      "version": "0.3.0",
      "resolved": "https://ms-feed-25.pkgs.visualstudio.com/1es-public/_packaging/npm-public/npm/registry/@azure/functions-extensions-base/-/functions-extensions-base-0.3.0.tgz",
      "integrity": "sha1-cGLy8GmLtkdwN4+eev+fd8Ukn04=",
      "license": "MIT",
      "engines": {
        "node": ">=18.0"
      }
    },
    "node_modules/@isaacs/fs-minipass": {
      "version": "4.0.1",
      "resolved": "https://ms-feed-25.pkgs.visualstudio.com/1es-public/_packaging/npm-public/npm/registry/@isaacs/fs-minipass/-/fs-minipass-4.0.1.tgz",
      "integrity": "sha1-LVmuOrSzj7QnC/oj0w+OLobH/jI=",
      "license": "ISC",
      "dependencies": {
        "minipass": "^7.0.4"
      },
      "engines": {
        "node": ">=18.0.0"
      }
    },
    "node_modules/@microsoft/fabric-user-data-functions": {
      "version": "1.36.0-alpha.1818",
      "resolved": "https://ms-feed-25.pkgs.visualstudio.com/1es-public/_packaging/npm-public/npm/registry/@microsoft/fabric-user-data-functions/-/fabric-user-data-functions-1.36.0-alpha.1818.tgz",
      "integrity": "sha512-+F0FTQFNVZTMmdPfxiQhzpi3KKtJ+3nb6o+qQDMMu+b3lf7gico8M9SAYmF476Lat4uxzFNcVYgiW0cULWNzjg==",
      "license": "MIT",
      "dependencies": {
        "@azure/functions": "^4.0.0",
        "@microsoft/rayfin-client": "1.36.0-alpha.1818"
      },
      "engines": {
        "node": ">=20.0.0 <21.0.0 || >=22.0.0 <23.0.0 || >=24.0.0 <25.0.0"
      }
    },
    "node_modules/@microsoft/rayfin-auth": {
      "version": "1.36.0-alpha.1818",
      "resolved": "https://ms-feed-25.pkgs.visualstudio.com/1es-public/_packaging/npm-public/npm/registry/@microsoft/rayfin-auth/-/rayfin-auth-1.36.0-alpha.1818.tgz",
      "integrity": "sha512-q9u4045HnYYRPqdfP3LGCA/wmeiej9BdmyrbNT2qGaoNgVhPhNMEGce4VYSrpSvdiHFgOwDHlH4PjJEH1yFm1A==",
      "license": "MIT",
      "dependencies": {
        "@microsoft/rayfin-lib": "1.36.0-alpha.1818"
      }
    },
    "node_modules/@microsoft/rayfin-client": {
      "version": "1.36.0-alpha.1818",
      "resolved": "https://ms-feed-25.pkgs.visualstudio.com/1es-public/_packaging/npm-public/npm/registry/@microsoft/rayfin-client/-/rayfin-client-1.36.0-alpha.1818.tgz",
      "integrity": "sha512-l/dItA+UzuAAItdWACcSIeu8Cd9WLOjLKRdfGRzfsfWvMldEZirWTG+AsOI8/N2Oq9Wfid6Lh2F49EWUl4TuvQ==",
      "license": "MIT",
      "dependencies": {
        "@microsoft/rayfin-auth": "1.36.0-alpha.1818",
        "@microsoft/rayfin-connectors": "1.36.0-alpha.1818",
        "@microsoft/rayfin-data": "1.36.0-alpha.1818",
        "@microsoft/rayfin-functions": "1.36.0-alpha.1818",
        "@microsoft/rayfin-lib": "1.36.0-alpha.1818"
      }
    },
    "node_modules/@microsoft/rayfin-connectors": {
      "version": "1.36.0-alpha.1818",
      "resolved": "https://ms-feed-25.pkgs.visualstudio.com/1es-public/_packaging/npm-public/npm/registry/@microsoft/rayfin-connectors/-/rayfin-connectors-1.36.0-alpha.1818.tgz",
      "integrity": "sha512-+3vTlDLIx3Y4RujDUfc7BaWylwKEVM30pj2CN9fFq0vd0mCV6nw+8FjhOA6o8bF4sqRG3ebjsXGgtCLiih+EBA==",
      "license": "MIT",
      "dependencies": {
        "@microsoft/rayfin-core": "1.36.0-alpha.1818",
        "@microsoft/rayfin-data": "1.36.0-alpha.1818",
        "@microsoft/rayfin-lib": "1.36.0-alpha.1818",
        "@microsoft/rayfin-tools-common": "1.36.0-alpha.1818"
      }
    },
    "node_modules/@microsoft/rayfin-core": {
      "version": "1.36.0-alpha.1818",
      "resolved": "https://ms-feed-25.pkgs.visualstudio.com/1es-public/_packaging/npm-public/npm/registry/@microsoft/rayfin-core/-/rayfin-core-1.36.0-alpha.1818.tgz",
      "integrity": "sha512-rQSMZXE/mO77Tysy8QNsDz1YrsyUtHVFBej/taUx0/1TStbPOnUlACLMzQTuwsTS9ozK5Gt6OqQuP4UxedpuyA==",
      "license": "MIT",
      "dependencies": {
        "@microsoft/rayfin-lib": "1.36.0-alpha.1818",
        "@standard-schema/spec": "^1.1.0"
      },
      "peerDependencies": {
        "typescript": "^5.0.0"
      }
    },
    "node_modules/@microsoft/rayfin-data": {
      "version": "1.36.0-alpha.1818",
      "resolved": "https://ms-feed-25.pkgs.visualstudio.com/1es-public/_packaging/npm-public/npm/registry/@microsoft/rayfin-data/-/rayfin-data-1.36.0-alpha.1818.tgz",
      "integrity": "sha512-99G68aUtp2fvXyjWamU1fbPpifbaJEmzn6F83EouVbnOeN5+A6MyUDNQFulgESuTufsjSG2cp8AiFf5HNfMxVg==",
      "license": "MIT",
      "dependencies": {
        "@microsoft/rayfin-core": "1.36.0-alpha.1818",
        "@microsoft/rayfin-lib": "1.36.0-alpha.1818"
      }
    },
    "node_modules/@microsoft/rayfin-functions": {
      "version": "1.36.0-alpha.1818",
      "resolved": "https://ms-feed-25.pkgs.visualstudio.com/1es-public/_packaging/npm-public/npm/registry/@microsoft/rayfin-functions/-/rayfin-functions-1.36.0-alpha.1818.tgz",
      "integrity": "sha512-ywq7aWUUbx9chKGSSZW0iZIOfMfRzhudpToM76Kp4LKq4bJHiXwAHgyignVQtvAOyMYaLNwnZI9rWqwtBvaN3A==",
      "license": "MIT",
      "dependencies": {
        "@microsoft/rayfin-lib": "1.36.0-alpha.1818"
      }
    },
    "node_modules/@microsoft/rayfin-lib": {
      "version": "1.36.0-alpha.1818",
      "resolved": "https://ms-feed-25.pkgs.visualstudio.com/1es-public/_packaging/npm-public/npm/registry/@microsoft/rayfin-lib/-/rayfin-lib-1.36.0-alpha.1818.tgz",
      "integrity": "sha512-4mU0/NKaALOqusEueFJe3yNAl0gAJrn9Fqe0xWZ5jvp1ICAd8g0x91+nkiWC6fbeJiaa5NHNCKzKmbfxn2GPlQ==",
      "license": "MIT",
      "dependencies": {
        "pluralize": "^8.0.0"
      }
    },
    "node_modules/@microsoft/rayfin-tools-common": {
      "version": "1.36.0-alpha.1818",
      "resolved": "https://ms-feed-25.pkgs.visualstudio.com/1es-public/_packaging/npm-public/npm/registry/@microsoft/rayfin-tools-common/-/rayfin-tools-common-1.36.0-alpha.1818.tgz",
      "integrity": "sha512-dtFcQe1LYnmuLlVBYjZ+CW4tmCAIZ1dtszYAWY5bug1RgkfLBYfSwEAR06kjhZScwvA8SXm6KtHnYuLI7IOFkQ==",
      "license": "MIT",
      "dependencies": {
        "tar": "~7.5.15",
        "yaml": "^2.8.2",
        "zod": "~4.3.6"
      }
    },
    "node_modules/@standard-schema/spec": {
      "version": "1.1.0",
      "resolved": "https://ms-feed-25.pkgs.visualstudio.com/1es-public/_packaging/npm-public/npm/registry/@standard-schema/spec/-/spec-1.1.0.tgz",
      "integrity": "sha1-p5tV26+GBIEvUtFAssmrQbwVC7g=",
      "license": "MIT"
    },
    "node_modules/balanced-match": {
      "version": "4.0.4",
      "resolved": "https://ms-feed-25.pkgs.visualstudio.com/1es-public/_packaging/npm-public/npm/registry/balanced-match/-/balanced-match-4.0.4.tgz",
      "integrity": "sha1-v7EGYv7tgZaixi58aOF3IMJ0F5o=",
      "dev": true,
      "license": "MIT",
      "engines": {
        "node": "18 || 20 || >=22"
      }
    },
    "node_modules/brace-expansion": {
      "version": "5.0.12",
      "resolved": "https://ms-feed-25.pkgs.visualstudio.com/1es-public/_packaging/npm-public/npm/registry/brace-expansion/-/brace-expansion-5.0.12.tgz",
      "integrity": "sha512-YovQ3rzhaLMIrDjNDMkNS01tea93qhEhG5xy8f6+R0l+dw3Ki+5sCoIoI942iuLZTHWogWktgwVDhU09iNEimQ==",
      "dev": true,
      "license": "MIT",
      "dependencies": {
        "balanced-match": "^4.0.2"
      },
      "engines": {
        "node": "20 || >=22"
      }
    },
    "node_modules/chownr": {
      "version": "3.0.0",
      "resolved": "https://ms-feed-25.pkgs.visualstudio.com/1es-public/_packaging/npm-public/npm/registry/chownr/-/chownr-3.0.0.tgz",
      "integrity": "sha1-mFXmTs0kCpzEJnzopKpdJKHaFeQ=",
      "license": "BlueOak-1.0.0",
      "engines": {
        "node": ">=18"
      }
    },
    "node_modules/cookie": {
      "version": "0.7.2",
      "resolved": "https://ms-feed-25.pkgs.visualstudio.com/1es-public/_packaging/npm-public/npm/registry/cookie/-/cookie-0.7.2.tgz",
      "integrity": "sha1-VWNpxHKiupEPKXmJG1JrNDYjftc=",
      "license": "MIT",
      "engines": {
        "node": ">= 0.6"
      }
    },
    "node_modules/glob": {
      "version": "13.0.6",
      "resolved": "https://ms-feed-25.pkgs.visualstudio.com/1es-public/_packaging/npm-public/npm/registry/glob/-/glob-13.0.6.tgz",
      "integrity": "sha1-B4ZmVmpCUUfMrPvS4zLetmor5x0=",
      "dev": true,
      "license": "BlueOak-1.0.0",
      "dependencies": {
        "minimatch": "^10.2.2",
        "minipass": "^7.1.3",
        "path-scurry": "^2.0.2"
      },
      "engines": {
        "node": "18 || 20 || >=22"
      },
      "funding": {
        "url": "https://github.com/sponsors/isaacs"
      }
    },
    "node_modules/lru-cache": {
      "version": "11.5.3",
      "resolved": "https://ms-feed-25.pkgs.visualstudio.com/1es-public/_packaging/npm-public/npm/registry/lru-cache/-/lru-cache-11.5.3.tgz",
      "integrity": "sha512-U4N8FgzmWxc8k1VH8Kr6lQg18U7Fjvby6wXHVRX/ZZ7IwWbRMgrRbP0Wrb5q5NVinryp4SQampHKdvtecItxUg==",
      "dev": true,
      "license": "BlueOak-1.0.0",
      "engines": {
        "node": "20 || >=22"
      }
    },
    "node_modules/minimatch": {
      "version": "10.2.6",
      "resolved": "https://ms-feed-25.pkgs.visualstudio.com/1es-public/_packaging/npm-public/npm/registry/minimatch/-/minimatch-10.2.6.tgz",
      "integrity": "sha1-/ZVrvgt3JB6fFaxdzLHGOAYJaO8=",
      "dev": true,
      "license": "BlueOak-1.0.0",
      "dependencies": {
        "brace-expansion": "^5.0.8"
      },
      "engines": {
        "node": "18 || 20 || >=22"
      },
      "funding": {
        "url": "https://github.com/sponsors/isaacs"
      }
    },
    "node_modules/minipass": {
      "version": "7.1.3",
      "resolved": "https://ms-feed-25.pkgs.visualstudio.com/1es-public/_packaging/npm-public/npm/registry/minipass/-/minipass-7.1.3.tgz",
      "integrity": "sha1-eTibTrG7LQA6m7qH1JLyvTe9xls=",
      "license": "BlueOak-1.0.0",
      "engines": {
        "node": ">=16 || 14 >=14.17"
      }
    },
    "node_modules/minizlib": {
      "version": "3.1.0",
      "resolved": "https://ms-feed-25.pkgs.visualstudio.com/1es-public/_packaging/npm-public/npm/registry/minizlib/-/minizlib-3.1.0.tgz",
      "integrity": "sha1-atdsOo8QInybUdHJrI4wsn9aJRw=",
      "license": "MIT",
      "dependencies": {
        "minipass": "^7.1.2"
      },
      "engines": {
        "node": ">= 18"
      }
    },
    "node_modules/package-json-from-dist": {
      "version": "1.0.1",
      "resolved": "https://ms-feed-25.pkgs.visualstudio.com/1es-public/_packaging/npm-public/npm/registry/package-json-from-dist/-/package-json-from-dist-1.0.1.tgz",
      "integrity": "sha1-TxRxoBCCeob5TP2bByfjbSZ95QU=",
      "dev": true,
      "license": "BlueOak-1.0.0"
    },
    "node_modules/path-scurry": {
      "version": "2.0.2",
      "resolved": "https://ms-feed-25.pkgs.visualstudio.com/1es-public/_packaging/npm-public/npm/registry/path-scurry/-/path-scurry-2.0.2.tgz",
      "integrity": "sha1-a+DQ7gKhDZ4N56mLrmXhgskGH4U=",
      "dev": true,
      "license": "BlueOak-1.0.0",
      "dependencies": {
        "lru-cache": "^11.0.0",
        "minipass": "^7.1.2"
      },
      "engines": {
        "node": "18 || 20 || >=22"
      },
      "funding": {
        "url": "https://github.com/sponsors/isaacs"
      }
    },
    "node_modules/pluralize": {
      "version": "8.0.0",
      "resolved": "https://ms-feed-25.pkgs.visualstudio.com/1es-public/_packaging/npm-public/npm/registry/pluralize/-/pluralize-8.0.0.tgz",
      "integrity": "sha1-Gm+hajjRKhkB4DIPoBcFHFOc47E=",
      "license": "MIT",
      "engines": {
        "node": ">=4"
      }
    },
    "node_modules/rimraf": {
      "version": "6.1.3",
      "resolved": "https://ms-feed-25.pkgs.visualstudio.com/1es-public/_packaging/npm-public/npm/registry/rimraf/-/rimraf-6.1.3.tgz",
      "integrity": "sha1-r77iNrO9K+Mx1OfORJO6wXGJga8=",
      "dev": true,
      "license": "BlueOak-1.0.0",
      "dependencies": {
        "glob": "^13.0.3",
        "package-json-from-dist": "^1.0.1"
      },
      "bin": {
        "rimraf": "dist/esm/bin.mjs"
      },
      "engines": {
        "node": "20 || >=22"
      },
      "funding": {
        "url": "https://github.com/sponsors/isaacs"
      }
    },
    "node_modules/tar": {
      "version": "7.5.22",
      "resolved": "https://ms-feed-25.pkgs.visualstudio.com/1es-public/_packaging/npm-public/npm/registry/tar/-/tar-7.5.22.tgz",
      "integrity": "sha1-ppb5mBNucUh9w/hpqFu6LGeXG6k=",
      "license": "BlueOak-1.0.0",
      "dependencies": {
        "@isaacs/fs-minipass": "^4.0.0",
        "chownr": "^3.0.0",
        "minipass": "^7.1.2",
        "minizlib": "^3.1.0",
        "yallist": "^5.0.0"
      },
      "engines": {
        "node": ">=18"
      }
    },
    "node_modules/typescript": {
      "version": "5.9.3",
      "resolved": "https://ms-feed-25.pkgs.visualstudio.com/1es-public/_packaging/npm-public/npm/registry/typescript/-/typescript-5.9.3.tgz",
      "integrity": "sha1-W09Z4VMQqxeiFvXWz1PuR27eZw8=",
      "license": "Apache-2.0",
      "bin": {
        "tsc": "bin/tsc",
        "tsserver": "bin/tsserver"
      },
      "engines": {
        "node": ">=14.17"
      }
    },
    "node_modules/yallist": {
      "version": "5.0.0",
      "resolved": "https://ms-feed-25.pkgs.visualstudio.com/1es-public/_packaging/npm-public/npm/registry/yallist/-/yallist-5.0.0.tgz",
      "integrity": "sha1-AOLeRDY57Q14/YfeDSdGn7z/tTM=",
      "license": "BlueOak-1.0.0",
      "engines": {
        "node": ">=18"
      }
    },
    "node_modules/yaml": {
      "version": "2.9.1",
      "resolved": "https://ms-feed-25.pkgs.visualstudio.com/1es-public/_packaging/npm-public/npm/registry/yaml/-/yaml-2.9.1.tgz",
      "integrity": "sha512-3NxN8+78OdzbT7C/WjGsyfPAtJaN3FNDsWxv7Y7mcDsT/oOmgW8BpyQQFFBnvZE3j9Y2Sdz1ULFLezL7Eb2yFw==",
      "license": "ISC",
      "bin": {
        "yaml": "bin.mjs"
      },
      "engines": {
        "node": ">= 14.6"
      },
      "funding": {
        "url": "https://github.com/sponsors/eemeli"
      }
    },
    "node_modules/zod": {
      "version": "4.3.6",
      "resolved": "https://ms-feed-25.pkgs.visualstudio.com/1es-public/_packaging/npm-public/npm/registry/zod/-/zod-4.3.6.tgz",
      "integrity": "sha1-icVuCqfSsFEH2JRBIicIeIWrESo=",
      "license": "MIT",
      "funding": {
        "url": "https://github.com/sponsors/colinhacks"
      }
    }
  }
}
